
Microsoft Visual Studio Solution File, Format Version 12.00
# Visual Studio 15
Project("{FAE04EC0-301F-11D3-BF4B-00C04F79EFBC}") = "Assembly-CSharp", "Assembly-CSharp.csproj", "{F6DD484A-5398-3409-0D37-2E94154CB55A}"
EndProject
Project("{FAE04EC0-301F-11D3-BF4B-00C04F79EFBC}") = "Assembly-CSharp-Editor", "Assembly-CSharp-Editor.csproj", "{6A7B1E8D-D67F-10E3-5222-31238C26F9BE}"
EndProject
Global
	GlobalSection(SolutionConfigurationPlatforms) = preSolution
		Debug|Any CPU = Debug|Any CPU
		Release|Any CPU = Release|Any CPU
	EndGlobalSection
	GlobalSection(ProjectConfigurationPlatforms) = postSolution
		{F6DD484A-5398-3409-0D37-2E94154CB55A}.Debug|Any CPU.ActiveCfg = Debug|Any CPU
		{F6DD484A-5398-3409-0D37-2E94154CB55A}.Debug|Any CPU.Build.0 = Debug|Any CPU
		{F6DD484A-5398-3409-0D37-2E94154CB55A}.Release|Any CPU.ActiveCfg = Release|Any CPU
		{F6DD484A-5398-3409-0D37-2E94154CB55A}.Release|Any CPU.Build.0 = Release|Any CPU
		{6A7B1E8D-D67F-10E3-5222-31238C26F9BE}.Debug|Any CPU.ActiveCfg = Debug|Any CPU
		{6A7B1E8D-D67F-10E3-5222-31238C26F9BE}.Debug|Any CPU.Build.0 = Debug|Any CPU
		{6A7B1E8D-D67F-10E3-5222-31238C26F9BE}.Release|Any CPU.ActiveCfg = Release|Any CPU
		{6A7B1E8D-D67F-10E3-5222-31238C26F9BE}.Release|Any CPU.Build.0 = Release|Any CPU
	EndGlobalSection
	GlobalSection(SolutionProperties) = preSolution
		HideSolutionNode = FALSE
	EndGlobalSection
EndGlobal
